// !$*UTF8*$!
{
	archiveVersion = 1;
	classes = {
	};
	objectVersion = 46;
	objects = {

/* Begin PBXBuildFile section */
		843B320B1A5F407500F9A487 /* AppDelegate.swift in Sources */ = {isa = PBXBuildFile; fileRef = 843B320A1A5F407500F9A487 /* AppDelegate.swift */; };
		843B320D1A5F407500F9A487 /* ViewController.swift in Sources */ = {isa = PBXBuildFile; fileRef = 843B320C1A5F407500F9A487 /* ViewController.swift */; };
		843B32101A5F407500F9A487 /* Main.storyboard in Resources */ = {isa = PBXBuildFile; fileRef = 843B320E1A5F407500F9A487 /* Main.storyboard */; };
		843B32121A5F407500F9A487 /* Images.xcassets in Resources */ = {isa = PBXBuildFile; fileRef = 843B32111A5F407500F9A487 /* Images.xcassets */; };
		843B32151A5F407500F9A487 /* LaunchScreen.xib in Resources */ = {isa = PBXBuildFile; fileRef = 843B32131A5F407500F9A487 /* LaunchScreen.xib */; };
		843B32211A5F407500F9A487 /* PostcardTests.swift in Sources */ = {isa = PBXBuildFile; fileRef = 843B32201A5F407500F9A487 /* PostcardTests.swift */; };
		843B322C1A5F7D0700F9A487 /* AlbertEinsteinStamp.jpg in Resources */ = {isa = PBXBuildFile; fileRef = 843B322A1A5F7D0700F9A487 /* AlbertEinsteinStamp.jpg */; };
		843B322D1A5F7D0700F9A487 /* SagradaFamilia.jpeg in Resources */ = {isa = PBXBuildFile; fileRef = 843B322B1A5F7D0700F9A487 /* SagradaFamilia.jpeg */; };
/* End PBXBuildFile section */

/* Begin PBXContainerItemProxy section */
		843B321B1A5F407500F9A487 /* PBXContainerItemProxy */ = {
			isa = PBXContainerItemProxy;
			containerPortal = 843B31FD1A5F407500F9A487 /* Project object */;
			proxyType = 1;
			remoteGlobalIDString = 843B32041A5F407500F9A487;
			remoteInfo = Postcard;
		};
/* End PBXContainerItemProxy section */

/* Begin PBXFileReference section */
		843B32051A5F407500F9A487 /* Postcard.app */ = {isa = PBXFileReference; explicitFileType = wrapper.application; includeInIndex = 0; path = Postcard.app; sourceTree = BUILT_PRODUCTS_DIR; };
		843B32091A5F407500F9A487 /* Info.plist */ = {isa = PBXFileReference; lastKnownFileType = text.plist.xml; path = Info.plist; sourceTree = "<group>"; };
		843B320A1A5F407500F9A487 /* AppDelegate.swift */ = {isa = PBXFileReference; lastKnownFileType = sourcecode.swift; path = AppDelegate.swift; sourceTree = "<group>"; };
		843B320C1A5F407500F9A487 /* ViewController.swift */ = {isa = PBXFileReference; lastKnownFileType = sourcecode.swift; path = ViewController.swift; sourceTree = "<group>"; };
		843B320F1A5F407500F9A487 /* Base */ = {isa = PBXFileReference; lastKnownFileType = file.storyboard; name = Base; path = Base.lproj/Main.storyboard; sourceTree = "<group>"; };
		843B32111A5F407500F9A487 /* Images.xcassets */ = {isa = PBXFileReference; lastKnownFileType = folder.assetcatalog; path = Images.xcassets; sourceTree = "<group>"; };
		843B32141A5F407500F9A487 /* Base */ = {isa = PBXFileReference; lastKnownFileType = file.xib; name = Base; path = Base.lproj/LaunchScreen.xib; sourceTree = "<group>"; };
		843B321A1A5F407500F9A487 /* PostcardTests.xctest */ = {isa = PBXFileReference; explicitFileType = wrapper.cfbundle; includeInIndex = 0; path = PostcardTests.xctest; sourceTree = BUILT_PRODUCTS_DIR; };
		843B321F1A5F407500F9A487 /* Info.plist */ = {isa = PBXFileReference; lastKnownFileType = text.plist.xml; path = Info.plist; sourceTree = "<group>"; };
		843B32201A5F407500F9A487 /* PostcardTests.swift */ = {isa = PBXFileReference; lastKnownFileType = sourcecode.swift; path = PostcardTests.swift; sourceTree = "<group>"; };
		843B322A1A5F7D0700F9A487 /* AlbertEinsteinStamp.jpg */ = {isa = PBXFileReference; lastKnownFileType = image.jpeg; path = AlbertEinsteinStamp.jpg; sourceTree = "<group>"; };
		843B322B1A5F7D0700F9A487 /* SagradaFamilia.jpeg */ = {isa = PBXFileReference; lastKnownFileType = image.jpeg; path = SagradaFamilia.jpeg; sourceTree = "<group>"; };
/* End PBXFileReference section */

/* Begin PBXFrameworksBuildPhase section */
		843B32021A5F407500F9A487 /* Frameworks */ = {
			isa = PBXFrameworksBuildPhase;
			buildActionMask = 2147483647;
			files = (
			);
			runOnlyForDeploymentPostprocessing = 0;
		};
		843B32171A5F407500F9A487 /* Frameworks */ = {
			isa = PBXFrameworksBuildPhase;
			buildActionMask = 2147483647;
			files = (
			);
			runOnlyForDeploymentPostprocessing = 0;
		};
/* End PBXFrameworksBuildPhase section */

/* Begin PBXGroup section */
		843B31FC1A5F407500F9A487 = {
			isa = PBXGroup;
			children = (
				843B32071A5F407500F9A487 /* Postcard */,
				843B321D1A5F407500F9A487 /* PostcardTests */,
				843B32061A5F407500F9A487 /* Products */,
			);
			sourceTree = "<group>";
		};
		843B32061A5F407500F9A487 /* Products */ = {
			isa = PBXGroup;
			children = (
				843B32051A5F407500F9A487 /* Postcard.app */,
				843B321A1A5F407500F9A487 /* PostcardTests.xctest */,
			);
			name = Products;
			sourceTree = "<group>";
		};
		843B32071A5F407500F9A487 /* Postcard */ = {
			isa = PBXGroup;
			children = (
				843B320A1A5F407500F9A487 /* AppDelegate.swift */,
				843B320C1A5F407500F9A487 /* ViewController.swift */,
				843B320E1A5F407500F9A487 /* Main.storyboard */,
				843B32111A5F407500F9A487 /* Images.xcassets */,
				843B32131A5F407500F9A487 /* LaunchScreen.xib */,
				843B32081A5F407500F9A487 /* Supporting Files */,
			);
			path = Postcard;
			sourceTree = "<group>";
		};
		843B32081A5F407500F9A487 /* Supporting Files */ = {
			isa = PBXGroup;
			children = (
				843B322A1A5F7D0700F9A487 /* AlbertEinsteinStamp.jpg */,
				843B322B1A5F7D0700F9A487 /* SagradaFamilia.jpeg */,
				843B32091A5F407500F9A487 /* Info.plist */,
			);
			name = "Supporting Files";
			sourceTree = "<group>";
		};
		843B321D1A5F407500F9A487 /* PostcardTests */ = {
			isa = PBXGroup;
			children = (
				843B32201A5F407500F9A487 /* PostcardTests.swift */,
				843B321E1A5F407500F9A487 /* Supporting Files */,
			);
			path = PostcardTests;
			sourceTree = "<group>";
		};
		843B321E1A5F407500F9A487 /* Supporting Files */ = {
			isa = PBXGroup;
			children = (
				843B321F1A5F407500F9A487 /* Info.plist */,
			);
			name = "Supporting Files";
			sourceTree = "<group>";
		};
/* End PBXGroup section */

/* Begin PBXNativeTarget section */
		843B32041A5F407500F9A487 /* Postcard */ = {
			isa = PBXNativeTarget;
			buildConfigurationList = 843B32241A5F407500F9A487 /* Build configuration list for PBXNativeTarget "Postcard" */;
			buildPhases = (
				843B32011A5F407500F9A487 /* Sources */,
				843B32021A5F407500F9A487 /* Frameworks */,
				843B32031A5F407500F9A487 /* Resources */,
			);
			buildRules = (
			);
			dependencies = (
			);
			name = Postcard;
			productName = Postcard;
			productReference = 843B32051A5F407500F9A487 /* Postcard.app */;
			productType = "com.apple.product-type.application";
		};
		843B32191A5F407500F9A487 /* PostcardTests */ = {
			isa = PBXNativeTarget;
			buildConfigurationList = 843B32271A5F407500F9A487 /* Build configuration list for PBXNativeTarget "PostcardTests" */;
			buildPhases = (
				843B32161A5F407500F9A487 /* Sources */,
				843B32171A5F407500F9A487 /* Frameworks */,
				843B32181A5F407500F9A487 /* Resources */,
			);
			buildRules = (
			);
			dependencies = (
				843B321C1A5F407500F9A487 /* PBXTargetDependency */,
			);
			name = PostcardTests;
			productName = PostcardTests;
			productReference = 843B321A1A5F407500F9A487 /* PostcardTests.xctest */;
			productType = "com.apple.product-type.bundle.unit-test";
		};
/* End PBXNativeTarget section */

/* Begin PBXProject section */
		843B31FD1A5F407500F9A487 /* Project object */ = {
			isa = PBXProject;
			attributes = {
				LastUpgradeCheck = 0610;
				ORGANIZATIONNAME = org;
				TargetAttributes = {
					843B32041A5F407500F9A487 = {
						CreatedOnToolsVersion = 6.1.1;
					};
					843B32191A5F407500F9A487 = {
						CreatedOnToolsVersion = 6.1.1;
						TestTargetID = 843B32041A5F407500F9A487;
					};
				};
			};
			buildConfigurationList = 843B32001A5F407500F9A487 /* Build configuration list for PBXProject "Postcard" */;
			compatibilityVersion = "Xcode 3.2";
			developmentRegion = English;
			hasScannedForEncodings = 0;
			knownRegions = (
				en,
				Base,
			);
			mainGroup = 843B31FC1A5F407500F9A487;
			productRefGroup = 843B32061A5F407500F9A487 /* Products */;
			projectDirPath = "";
			projectRoot = "";
			targets = (
				843B32041A5F407500F9A487 /* Postcard */,
				843B32191A5F407500F9A487 /* PostcardTests */,
			);
		};
/* End PBXProject section */

/* Begin PBXResourcesBuildPhase section */
		843B32031A5F407500F9A487 /* Resources */ = {
			isa = PBXResourcesBuildPhase;
			buildActionMask = 2147483647;
			files = (
				843B322C1A5F7D0700F9A487 /* AlbertEinsteinStamp.jpg in Resources */,
				843B32101A5F407500F9A487 /* Main.storyboard in Resources */,
				843B32151A5F407500F9A487 /* LaunchScreen.xib in Resources */,
				843B32121A5F407500F9A487 /* Images.xcassets in Resources */,
				843B322D1A5F7D0700F9A487 /* SagradaFamilia.jpeg in Resources */,
			);
			runOnlyForDeploymentPostprocessing = 0;
		};
		843B32181A5F407500F9A487 /* Resources */ = {
			isa = PBXResourcesBuildPhase;
			buildActionMask = 2147483647;
			files = (
			);
			runOnlyForDeploymentPostprocessing = 0;
		};
/* End PBXResourcesBuildPhase section */

/* Begin PBXSourcesBuildPhase section */
		843B32011A5F407500F9A487 /* Sources */ = {
			isa = PBXSourcesBuildPhase;
			buildActionMask = 2147483647;
			files = (
				843B320D1A5F407500F9A487 /* ViewController.swift in Sources */,
				843B320B1A5F407500F9A487 /* AppDelegate.swift in Sources */,
			);
			runOnlyForDeploymentPostprocessing = 0;
		};
		843B32161A5F407500F9A487 /* Sources */ = {
			isa = PBXSourcesBuildPhase;
			buildActionMask = 2147483647;
			files = (
				843B32211A5F407500F9A487 /* PostcardTests.swift in Sources */,
			);
			runOnlyForDeploymentPostprocessing = 0;
		};
/* End PBXSourcesBuildPhase section */

/* Begin PBXTargetDependency section */
		843B321C1A5F407500F9A487 /* PBXTargetDependency */ = {
			isa = PBXTargetDependency;
			target = 843B32041A5F407500F9A487 /* Postcard */;
			targetProxy = 843B321B1A5F407500F9A487 /* PBXContainerItemProxy */;
		};
/* End PBXTargetDependency section */

/* Begin PBXVariantGroup section */
		843B320E1A5F407500F9A487 /* Main.storyboard */ = {
			isa = PBXVariantGroup;
			children = (
				843B320F1A5F407500F9A487 /* Base */,
			);
			name = Main.storyboard;
			sourceTree = "<group>";
		};
		843B32131A5F407500F9A487 /* LaunchScreen.xib */ = {
			isa = PBXVariantGroup;
			children = (
				843B32141A5F407500F9A487 /* Base */,
			);
			name = LaunchScreen.xib;
			sourceTree = "<group>";
		};
/* End PBXVariantGroup section */

/* Begin XCBuildConfiguration section */
		843B32221A5F407500F9A487 /* Debug */ = {
			isa = XCBuildConfiguration;
			buildSettings = {
				ALWAYS_SEARCH_USER_PATHS = NO;
				CLANG_CXX_LANGUAGE_STANDARD = "gnu++0x";
				CLANG_CXX_LIBRARY = "libc++";
				CLANG_ENABLE_MODULES = YES;
				CLANG_ENABLE_OBJC_ARC = YES;
				CLANG_WARN_BOOL_CONVERSION = YES;
				CLANG_WARN_CONSTANT_CONVERSION = YES;
				CLANG_WARN_DIRECT_OBJC_ISA_USAGE = YES_ERROR;
				CLANG_WARN_EMPTY_BODY = YES;
				CLANG_WARN_ENUM_CONVERSION = YES;
				CLANG_WARN_INT_CONVERSION = YES;
				CLANG_WARN_OBJC_ROOT_CLASS = YES_ERROR;
				CLANG_WARN_UNREACHABLE_CODE = YES;
				CLANG_WARN__DUPLICATE_METHOD_MATCH = YES;
				"CODE_SIGN_IDENTITY[sdk=iphoneos*]" = "iPhone Developer";
				COPY_PHASE_STRIP = NO;
				ENABLE_STRICT_OBJC_MSGSEND = YES;
				GCC_C_LANGUAGE_STANDARD = gnu99;
				GCC_DYNAMIC_NO_PIC = NO;
				GCC_OPTIMIZATION_LEVEL = 0;
				GCC_PREPROCESSOR_DEFINITIONS = (
					"DEBUG=1",
					"$(inherited)",
				);
				GCC_SYMBOLS_PRIVATE_EXTERN = NO;
				GCC_WARN_64_TO_32_BIT_CONVERSION = YES;
				GCC_WARN_ABOUT_RETURN_TYPE = YES_ERROR;
				GCC_WARN_UNDECLARED_SELECTOR = YES;
				GCC_WARN_UNINITIALIZED_AUTOS = YES_AGGRESSIVE;
				GCC_WARN_UNUSED_FUNCTION = YES;
				GCC_WARN_UNUSED_VARIABLE = YES;
				IPHONEOS_DEPLOYMENT_TARGET = 8.1;
				MTL_ENABLE_DEBUG_INFO = YES;
				ONLY_ACTIVE_ARCH = YES;
				SDKROOT = iphoneos;
				SWIFT_OPTIMIZATION_LEVEL = "-Onone";
				TARGETED_DEVICE_FAMILY = "1,2";
			};
			name = Debug;
		};
		843B32231A5F407500F9A487 /* Release */ = {
			isa = XCBuildConfiguration;
			buildSettings = {
				ALWAYS_SEARCH_USER_PATHS = NO;
				CLANG_CXX_LANGUAGE_STANDARD = "gnu++0x";
				CLANG_CXX_LIBRARY = "libc++";
				CLANG_ENABLE_MODULES = YES;
				CLANG_ENABLE_OBJC_ARC = YES;
				CLANG_WARN_BOOL_CONVERSION = YES;
				CLANG_WARN_CONSTANT_CONVERSION = YES;
				CLANG_WARN_DIRECT_OBJC_ISA_USAGE = YES_ERROR;
				CLANG_WARN_EMPTY_BODY = YES;
				CLANG_WARN_ENUM_CONVERSION = YES;
				CLANG_WARN_INT_CONVERSION = YES;
				CLANG_WARN_OBJC_ROOT_CLASS = YES_ERROR;
				CLANG_WARN_UNREACHABLE_CODE = YES;
				CLANG_WARN__DUPLICATE_METHOD_MATCH = YES;
				"CODE_SIGN_IDENTITY[sdk=iphoneos*]" = "iPhone Developer";
				COPY_PHASE_STRIP = YES;
				ENABLE_NS_ASSERTIONS = NO;
				ENABLE_STRICT_OBJC_MSGSEND = YES;
				GCC_C_LANGUAGE_STANDARD = gnu99;
				GCC_WARN_64_TO_32_BIT_CONVERSION = YES;
				GCC_WARN_ABOUT_RETURN_TYPE = YES_ERROR;
				GCC_WARN_UNDECLARED_SELECTOR = YES;
				GCC_WARN_UNINITIALIZED_AUTOS = YES_AGGRESSIVE;
				GCC_WARN_UNUSED_FUNCTION = YES;
				GCC_WARN_UNUSED_VARIABLE = YES;
				IPHONEOS_DEPLOYMENT_TARGET = 8.1;
				MTL_ENABLE_DEBUG_INFO = NO;
				SDKROOT = iphoneos;
				TARGETED_DEVICE_FAMILY = "1,2";
				VALIDATE_PRODUCT = YES;
			};
			name = Release;
		};
		843B32251A5F407500F9A487 /* Debug */ = {
			isa = XCBuildConfiguration;
			buildSettings = {
				ASSETCATALOG_COMPILER_APPICON_NAME = AppIcon;
				INFOPLIST_FILE = Postcard/Info.plist;
				LD_RUNPATH_SEARCH_PATHS = "$(inherited) @executable_path/Frameworks";
				PRODUCT_NAME = "$(TARGET_NAME)";
			};
			name = Debug;
		};
		843B32261A5F407500F9A487 /* Release */ = {
			isa = XCBuildConfiguration;
			buildSettings = {
				ASSETCATALOG_COMPILER_APPICON_NAME = AppIcon;
				INFOPLIST_FILE = Postcard/Info.plist;
				LD_RUNPATH_SEARCH_PATHS = "$(inherited) @executable_path/Frameworks";
				PRODUCT_NAME = "$(TARGET_NAME)";
			};
			name = Release;
		};
		843B32281A5F407500F9A487 /* Debug */ = {
			isa = XCBuildConfiguration;
			buildSettings = {
				BUNDLE_LOADER = "$(TEST_HOST)";
				FRAMEWORK_SEARCH_PATHS = (
					"$(SDKROOT)/Developer/Library/Frameworks",
					"$(inherited)",
				);
				GCC_PREPROCESSOR_DEFINITIONS = (
					"DEBUG=1",
					"$(inherited)",
				);
				INFOPLIST_FILE = PostcardTests/Info.plist;
				LD_RUNPATH_SEARCH_PATHS = "$(inherited) @executable_path/Frameworks @loader_path/Frameworks";
				PRODUCT_NAME = "$(TARGET_NAME)";
				TEST_HOST = "$(BUILT_PRODUCTS_DIR)/Postcard.app/Postcard";
			};
			name = Debug;
		};
		843B32291A5F407500F9A487 /* Release */ = {
			isa = XCBuildConfiguration;
			buildSettings = {
				BUNDLE_LOADER = "$(TEST_HOST)";
				FRAMEWORK_SEARCH_PATHS = (
					"$(SDKROOT)/Developer/Library/Frameworks",
					"$(inherited)",
				);
				INFOPLIST_FILE = PostcardTests/Info.plist;
				LD_RUNPATH_SEARCH_PATHS = "$(inherited) @executable_path/Frameworks @loader_path/Frameworks";
				PRODUCT_NAME = "$(TARGET_NAME)";
				TEST_HOST = "$(BUILT_PRODUCTS_DIR)/Postcard.app/Postcard";
			};
			name = Release;
		};
/* End XCBuildConfiguration section */

/* Begin XCConfigurationList section */
		843B32001A5F407500F9A487 /* Build configuration list for PBXProject "Postcard" */ = {
			isa = XCConfigurationList;
			buildConfigurations = (
				843B32221A5F407500F9A487 /* Debug */,
				843B32231A5F407500F9A487 /* Release */,
			);
			defaultConfigurationIsVisible = 0;
			defaultConfigurationName = Release;
		};
		843B32241A5F407500F9A487 /* Build configuration list for PBXNativeTarget "Postcard" */ = {
			isa = XCConfigurationList;
			buildConfigurations = (
				843B32251A5F407500F9A487 /* Debug */,
				843B32261A5F407500F9A487 /* Release */,
			);
			defaultConfigurationIsVisible = 0;
		};
		843B32271A5F407500F9A487 /* Build configuration list for PBXNativeTarget "PostcardTests" */ = {
			isa = XCConfigurationList;
			buildConfigurations = (
				843B32281A5F407500F9A487 /* Debug */,
				843B32291A5F407500F9A487 /* Release */,
			);
			defaultConfigurationIsVisible = 0;
		};
/* End XCConfigurationList section */
	};
	rootObject = 843B31FD1A5F407500F9A487 /* Project object */;
}
